# THIS IS AN AUTOGENERATED FILE. DO NOT EDIT THIS FILE DIRECTLY.
# yarn lockfile v1


"@types/linkify-it@*":
  version "2.1.0"
  resolved "https://registry.yarnpkg.com/@types/linkify-it/-/linkify-it-2.1.0.tgz#ea3dd64c4805597311790b61e872cbd1ed2cd806"
  integrity sha512-Q7DYAOi9O/+cLLhdaSvKdaumWyHbm7HAk/bFwwyTuU0arR5yyCeW5GOoqt4tJTpDRxhpx9Q8kQL6vMpuw9hDSw==

"@types/markdown-it@0.0.9":
  version "0.0.9"
  resolved "https://registry.yarnpkg.com/@types/markdown-it/-/markdown-it-0.0.9.tgz#a5d552f95216c478e0a27a5acc1b28dcffd989ce"
  integrity sha512-IFSepyZXbF4dgSvsk8EsgaQ/8Msv1I5eTL0BZ0X3iGO9jw6tCVtPG8HchIPm3wrkmGdqZOD42kE0zplVi1gYDA==
  dependencies:
    "@types/linkify-it" "*"

"@types/node@^13.5.3":
  version "13.5.3"
  resolved "https://registry.yarnpkg.com/@types/node/-/node-13.5.3.tgz#37f1f539b7535b9fb4ef77d59db1847a837b7f17"
  integrity sha512-ZPnWX9PW992w6DUsz3JIXHaSb5v7qmKCVzC3km6SxcDGxk7zmLfYaCJTbktIa5NeywJkkZDhGldKqDIvC5DRrA==

argparse@^1.0.7:
  version "1.0.9"
  resolved "https://registry.yarnpkg.com/argparse/-/argparse-1.0.9.tgz#73d83bc263f86e97f8cc4f6bae1b0e90a7d22c86"
  integrity sha1-c9g7wmP4bpf4zE9rrhsOkKfSLIY=
  dependencies:
    sprintf-js "~1.0.2"

entities@~2.0.0:
  version "2.0.0"
  resolved "https://registry.yarnpkg.com/entities/-/entities-2.0.0.tgz#68d6084cab1b079767540d80e56a39b423e4abf4"
  integrity sha512-D9f7V0JSRwIxlRI2mjMqufDrRDnx8p+eEOz7aUM9SuvF8gsBzra0/6tbjl1m8eQHrZlYj6PxqE00hZ1SAIKPLw==

jsonc-parser@^2.2.0:
  version "2.2.0"
  resolved "https://registry.yarnpkg.com/jsonc-parser/-/jsonc-parser-2.2.0.tgz#f206f87f9d49d644b7502052c04e82dd6392e9ef"
  integrity sha512-4fLQxW1j/5fWj6p78vAlAafoCKtuBm6ghv+Ij5W2DrDx0qE+ZdEl2c6Ko1mgJNF5ftX1iEWQQ4Ap7+3GlhjkOA==

linkify-it@^2.0.0:
  version "2.0.3"
  resolved "https://registry.yarnpkg.com/linkify-it/-/linkify-it-2.0.3.tgz#d94a4648f9b1c179d64fa97291268bdb6ce9434f"
  integrity sha1-2UpGSPmxwXnWT6lykSaL22zpQ08=
  dependencies:
    uc.micro "^1.0.1"

markdown-it@^10.0.0:
  version "10.0.0"
  resolved "https://registry.yarnpkg.com/markdown-it/-/markdown-it-10.0.0.tgz#abfc64f141b1722d663402044e43927f1f50a8dc"
  integrity sha512-YWOP1j7UbDNz+TumYP1kpwnP0aEa711cJjrAQrzd0UXlbJfc5aAq0F/PZHjiioqDC1NKgvIMX+o+9Bk7yuM2dg==
  dependencies:
    argparse "^1.0.7"
    entities "~2.0.0"
    linkify-it "^2.0.0"
    mdurl "^1.0.1"
    uc.micro "^1.0.5"

mdurl@^1.0.1:
  version "1.0.1"
  resolved "https://registry.yarnpkg.com/mdurl/-/mdurl-1.0.1.tgz#fe85b2ec75a59037f2adfec100fd6c601761152e"
  integrity sha1-/oWy7HWlkDfyrf7BAP1sYBdhFS4=

parse5@^5.1.1:
  version "5.1.1"
  resolved "https://registry.yarnpkg.com/parse5/-/parse5-5.1.1.tgz#f68e4e5ba1852ac2cadc00f4555fff6c2abb6178"
  integrity sha512-ugq4DFI0Ptb+WWjAdOK16+u/nHfiIrcE+sh8kZMaM0WllQKLI9rOUq6c2b7cwPkXdzfQESqvoqK6ug7U/Yyzug==

sprintf-js@~1.0.2:
  version "1.0.3"
  resolved "https://registry.yarnpkg.com/sprintf-js/-/sprintf-js-1.0.3.tgz#04e6926f662895354f3dd015203633b857297e2c"
  integrity sha1-BOaSb2YolTVPPdAVIDYzuFcpfiw=

uc.micro@^1.0.1:
  version "1.0.3"
  resolved "https://registry.yarnpkg.com/uc.micro/-/uc.micro-1.0.3.tgz#7ed50d5e0f9a9fb0a573379259f2a77458d50192"
  integrity sha1-ftUNXg+an7ClczeSWfKndFjVAZI=

uc.micro@^1.0.5:
  version "1.0.6"
  resolved "https://registry.yarnpkg.com/uc.micro/-/uc.micro-1.0.6.tgz#9c411a802a409a91fc6cf74081baba34b24499ac"
  integrity sha512-8Y75pvTYkLJW2hWQHXxoqRgV7qb9B+9vFEtidML+7koHUFapnVJAZ6cKs+Qjz5Aw3aZWHMC6u0wJE3At+nSGwA==

vscode-nls@^4.1.1:
  version "4.1.1"
  resolved "https://registry.yarnpkg.com/vscode-nls/-/vscode-nls-4.1.1.tgz#f9916b64e4947b20322defb1e676a495861f133c"
  integrity sha512-4R+2UoUUU/LdnMnFjePxfLqNhBS8lrAFyX7pjb2ud/lqDkrUavFUTcG7wR0HBZFakae0Q6KLBFjMS6W93F403A==
