# THIS IS AN AUTOGENERATED FILE. DO NOT EDIT THIS FILE DIRECTLY.
# yarn lockfile v1


"@types/mocha@^7.0.1":
  version "7.0.1"
  resolved "https://registry.yarnpkg.com/@types/mocha/-/mocha-7.0.1.tgz#5d7ec2a789a1f77c59b7ad071b9d50bf1abbfc9e"
  integrity sha512-L/Nw/2e5KUaprNJoRA33oly+M8X8n0K+FwLTbYqwTcR14wdPWeRkigBLfSFpN/Asf9ENZTMZwLxjtjeYucAA4Q==

"@types/node@^13.5.3":
  version "13.5.3"
  resolved "https://registry.yarnpkg.com/@types/node/-/node-13.5.3.tgz#37f1f539b7535b9fb4ef77d59db1847a837b7f17"
  integrity sha512-ZPnWX9PW992w6DUsz3JIXHaSb5v7qmKCVzC3km6SxcDGxk7zmLfYaCJTbktIa5NeywJkkZDhGldKqDIvC5DRrA==

agent-base@4, agent-base@^4.1.0:
  version "4.1.2"
  resolved "https://registry.yarnpkg.com/agent-base/-/agent-base-4.1.2.tgz#80fa6cde440f4dcf9af2617cf246099b5d99f0c8"
  integrity sha512-VE6QoEdaugY86BohRtfGmTDabxdU5sCKOkbcPA6PXKJsRzEi/7A3RCTxJal1ft/4qSfPht5/iQLhMh/wzSkkNw==
  dependencies:
    es6-promisify "^5.0.0"

debug@3.1.0, debug@^3.1.0:
  version "3.1.0"
  resolved "https://registry.yarnpkg.com/debug/-/debug-3.1.0.tgz#5bb5a0672628b64149566ba16819e61518c67261"
  integrity sha512-OX8XqP7/1a9cqkxYw2yXss15f26NKWBpDXQd0/uK/KPqdQhxbPa994hnzjcE2VqQpDslf55723cKPUOGSmMY3g==
  dependencies:
    ms "2.0.0"

es6-promise@^4.0.3:
  version "4.1.1"
  resolved "https://registry.yarnpkg.com/es6-promise/-/es6-promise-4.1.1.tgz#8811e90915d9a0dba36274f0b242dbda78f9c92a"
  integrity sha512-OaU1hHjgJf+b0NzsxCg7NdIYERD6Hy/PEmFLTjw+b65scuisG3Kt4QoTvJ66BBkPZ581gr0kpoVzKnxniM8nng==

es6-promisify@^5.0.0:
  version "5.0.0"
  resolved "https://registry.yarnpkg.com/es6-promisify/-/es6-promisify-5.0.0.tgz#5109d62f3e56ea967c4b63505aef08291c8a5203"
  integrity sha1-UQnWLz5W6pZ8S2NQWu8IKRyKUgM=
  dependencies:
    es6-promise "^4.0.3"

http-proxy-agent@^2.1.0:
  version "2.1.0"
  resolved "https://registry.yarnpkg.com/http-proxy-agent/-/http-proxy-agent-2.1.0.tgz#e4821beef5b2142a2026bd73926fe537631c5405"
  integrity sha512-qwHbBLV7WviBl0rQsOzH6o5lwyOIvwp/BdFnvVxXORldu5TmjFfjzBcWUWS5kWAZhmv+JtiDhSuQCp4sBfbIgg==
  dependencies:
    agent-base "4"
    debug "3.1.0"

https-proxy-agent@^2.2.1:
  version "2.2.1"
  resolved "https://registry.yarnpkg.com/https-proxy-agent/-/https-proxy-agent-2.2.1.tgz#51552970fa04d723e04c56d04178c3f92592bbc0"
  integrity sha512-HPCTS1LW51bcyMYbxUIOO4HEOlQ1/1qRaFWcyxvwaqUS9TY88aoEuHUY33kuAh1YhVVaDQhLZsnPd+XNARWZlQ==
  dependencies:
    agent-base "^4.1.0"
    debug "^3.1.0"

jsonc-parser@^2.0.1:
  version "2.0.1"
  resolved "https://registry.yarnpkg.com/jsonc-parser/-/jsonc-parser-2.0.1.tgz#9d23cd2709714fff508a1a6679d82135bee1ae60"
  integrity sha512-9w/QyN9qF1dTlffzkmyITa6qAYt6sDArlVZqaP+CXnRh66V73wImQGG8GIBkuas0XLAxddWEWYQ8PPFoK5KNQA==

jsonc-parser@^2.2.0:
  version "2.2.0"
  resolved "https://registry.yarnpkg.com/jsonc-parser/-/jsonc-parser-2.2.0.tgz#f206f87f9d49d644b7502052c04e82dd6392e9ef"
  integrity sha512-4fLQxW1j/5fWj6p78vAlAafoCKtuBm6ghv+Ij5W2DrDx0qE+ZdEl2c6Ko1mgJNF5ftX1iEWQQ4Ap7+3GlhjkOA==

ms@2.0.0:
  version "2.0.0"
  resolved "https://registry.yarnpkg.com/ms/-/ms-2.0.0.tgz#5608aeadfc00be6c2901df5f9861788de0d597c8"
  integrity sha1-VgiurfwAvmwpAd9fmGF4jeDVl8g=

request-light@^0.2.3:
  version "0.2.3"
  resolved "https://registry.yarnpkg.com/request-light/-/request-light-0.2.3.tgz#a18635ec6dd92f8705c019c42ef645f684d94f7e"
  integrity sha512-KUQTybUtB/WZl7wQGAKenEJkuUX1/DyYX6PJpNEaBVyxE4v6U4Q5P65cmjdKglzcNTGIPZG857JMEAiMWVsoIw==
  dependencies:
    http-proxy-agent "^2.1.0"
    https-proxy-agent "^2.2.1"
    vscode-nls "^3.2.2"

vscode-json-languageservice@^3.1.4:
  version "3.1.4"
  resolved "https://registry.yarnpkg.com/vscode-json-languageservice/-/vscode-json-languageservice-3.1.4.tgz#72e84e2754ad117f9e8d36876c1a66fe16234235"
  integrity sha512-RiLEhif0MzwIscoxKZ0lL1fvKUbB1DLJcPXGCm/K9WouLbEQu1OuIBsMPp3NnK+ZOW7uMXZgGfpMtWow7YgOiQ==
  dependencies:
    jsonc-parser "^2.0.1"
    vscode-languageserver-types "^3.10.0"
    vscode-nls "^3.2.4"
    vscode-uri "^1.0.5"

vscode-jsonrpc@^5.0.1:
  version "5.0.1"
  resolved "https://registry.yarnpkg.com/vscode-jsonrpc/-/vscode-jsonrpc-5.0.1.tgz#9bab9c330d89f43fc8c1e8702b5c36e058a01794"
  integrity sha512-JvONPptw3GAQGXlVV2utDcHx0BiY34FupW/kI6mZ5x06ER5DdPG/tXWMVHjTNULF5uKPOUUD0SaXg5QaubJL0A==

vscode-languageserver-protocol@^3.15.2:
  version "3.15.2"
  resolved "https://registry.yarnpkg.com/vscode-languageserver-protocol/-/vscode-languageserver-protocol-3.15.2.tgz#e52c62923140b2655ad2472f6f29cfb83bacf5b8"
  integrity sha512-GdL05JKOgZ76RDg3suiGCl9enESM7iQgGw4x93ibTh4sldvZmakHmTeZ4iUApPPGKf6O3OVBtrsksBXnHYaxNg==
  dependencies:
    vscode-jsonrpc "^5.0.1"
    vscode-languageserver-types "3.15.1"

vscode-languageserver-types@3.15.1:
  version "3.15.1"
  resolved "https://registry.yarnpkg.com/vscode-languageserver-types/-/vscode-languageserver-types-3.15.1.tgz#17be71d78d2f6236d414f0001ce1ef4d23e6b6de"
  integrity sha512-+a9MPUQrNGRrGU630OGbYVQ+11iOIovjCkqxajPa9w57Sd5ruK8WQNsslzpa0x/QJqC8kRc2DUxWjIFwoNm4ZQ==

vscode-languageserver-types@^3.10.0:
  version "3.10.0"
  resolved "https://registry.yarnpkg.com/vscode-languageserver-types/-/vscode-languageserver-types-3.10.0.tgz#944e5308f3b36a3f372c766f1a344e903ec9c389"
  integrity sha512-vxmCsVZGwq8X40SuLP8Ix7V0rq5V/7iQUjRVe2Oxm+TbmjxtjK4dpHHXQCUawjA4fhPA9FwjSRbDhbvQmYCfMw==

vscode-languageserver@^6.1.0:
  version "6.1.0"
  resolved "https://registry.yarnpkg.com/vscode-languageserver/-/vscode-languageserver-6.1.0.tgz#f0ff149b06d1961f49ed03385ecc2a96bcaddcde"
  integrity sha512-Q5kUJegYclTZMnKUaEcxJK41Ozp6qJhhoFJYj0w8y8j9JXdKT479LE945QCKRvSgWfsqTSUmgsozVTUIwQQxHw==
  dependencies:
    vscode-languageserver-protocol "^3.15.2"

vscode-nls@^3.2.2, vscode-nls@^3.2.4:
  version "3.2.4"
  resolved "https://registry.yarnpkg.com/vscode-nls/-/vscode-nls-3.2.4.tgz#2166b4183c8aea884d20727f5449e62be69fd398"
  integrity sha512-FTjdqa4jDDoBjJqr36O8lmmZf/55kQ2w4ZY/+GL6K92fq765BqO3aYw21atnXUno/P04V5DWagNl4ybDIndJsw==

vscode-nls@^4.1.1:
  version "4.1.1"
  resolved "https://registry.yarnpkg.com/vscode-nls/-/vscode-nls-4.1.1.tgz#f9916b64e4947b20322defb1e676a495861f133c"
  integrity sha512-4R+2UoUUU/LdnMnFjePxfLqNhBS8lrAFyX7pjb2ud/lqDkrUavFUTcG7wR0HBZFakae0Q6KLBFjMS6W93F403A==

vscode-uri@^1.0.5:
  version "1.0.5"
  resolved "https://registry.yarnpkg.com/vscode-uri/-/vscode-uri-1.0.5.tgz#3b899a8ef71c37f3054d79bdbdda31c7bf36f20d"
  integrity sha1-O4majvccN/MFTXm9vdoxx7828g0=

vscode-uri@^2.1.1:
  version "2.1.1"
  resolved "https://registry.yarnpkg.com/vscode-uri/-/vscode-uri-2.1.1.tgz#5aa1803391b6ebdd17d047f51365cf62c38f6e90"
  integrity sha512-eY9jmGoEnVf8VE8xr5znSah7Qt1P/xsCdErz+g8HYZtJ7bZqKH5E3d+6oVNm1AC/c6IHUDokbmVXKOi4qPAC9A==
